// !$*UTF8*$!
{
	archiveVersion = 1;
	classes = {
	};
	objectVersion = 77;
	objects = {

/* Begin PBXBuildFile section */
		90F3CEAE2E27591700C4DDFE /* WidgetKit.framework in Frameworks */ = {isa = PBXBuildFile; fileRef = 90F3CE8F2E2756F200C4DDFE /* WidgetKit.framework */; };
		90F3CEAF2E27591700C4DDFE /* SwiftUI.framework in Frameworks */ = {isa = PBXBuildFile; fileRef = 90F3CE912E2756F200C4DDFE /* SwiftUI.framework */; };
		90F3CEBE2E27591900C4DDFE /* pill-widgetExtension.appex in Embed Foundation Extensions */ = {isa = PBXBuildFile; fileRef = 90F3CEAD2E27591700C4DDFE /* pill-widgetExtension.appex */; settings = {ATTRIBUTES = (RemoveHeadersOnCopy, ); }; };
/* End PBXBuildFile section */

/* Begin PBXContainerItemProxy section */
		90F3CEBC2E27591900C4DDFE /* PBXContainerItemProxy */ = {
			isa = PBXContainerItemProxy;
			containerPortal = B26296ED2E2739A000DC97A5 /* Project object */;
			proxyType = 1;
			remoteGlobalIDString = 90F3CEAC2E27591700C4DDFE;
			remoteInfo = "pill-widgetExtension";
		};
		B26297062E2739A400DC97A5 /* PBXContainerItemProxy */ = {
			isa = PBXContainerItemProxy;
			containerPortal = B26296ED2E2739A000DC97A5 /* Project object */;
			proxyType = 1;
			remoteGlobalIDString = B26296F42E2739A000DC97A5;
			remoteInfo = SteadyPath;
		};
		B26297102E2739A400DC97A5 /* PBXContainerItemProxy */ = {
			isa = PBXContainerItemProxy;
			containerPortal = B26296ED2E2739A000DC97A5 /* Project object */;
			proxyType = 1;
			remoteGlobalIDString = B26296F42E2739A000DC97A5;
			remoteInfo = SteadyPath;
		};
/* End PBXContainerItemProxy section */

/* Begin PBXCopyFilesBuildPhase section */
		90F3CEA42E2756F300C4DDFE /* Embed Foundation Extensions */ = {
			isa = PBXCopyFilesBuildPhase;
			buildActionMask = 2147483647;
			dstPath = "";
			dstSubfolderSpec = 13;
			files = (
				90F3CEBE2E27591900C4DDFE /* pill-widgetExtension.appex in Embed Foundation Extensions */,
			);
			name = "Embed Foundation Extensions";
			runOnlyForDeploymentPostprocessing = 0;
		};
/* End PBXCopyFilesBuildPhase section */

/* Begin PBXFileReference section */
		9067C7732E288BEC00134676 /* pill-widgetExtension.entitlements */ = {isa = PBXFileReference; lastKnownFileType = text.plist.entitlements; path = "pill-widgetExtension.entitlements"; sourceTree = "<group>"; };
		90F3CE8F2E2756F200C4DDFE /* WidgetKit.framework */ = {isa = PBXFileReference; lastKnownFileType = wrapper.framework; name = WidgetKit.framework; path = System/Library/Frameworks/WidgetKit.framework; sourceTree = SDKROOT; };
		90F3CE912E2756F200C4DDFE /* SwiftUI.framework */ = {isa = PBXFileReference; lastKnownFileType = wrapper.framework; name = SwiftUI.framework; path = System/Library/Frameworks/SwiftUI.framework; sourceTree = SDKROOT; };
		90F3CEAD2E27591700C4DDFE /* pill-widgetExtension.appex */ = {isa = PBXFileReference; explicitFileType = "wrapper.app-extension"; includeInIndex = 0; path = "pill-widgetExtension.appex"; sourceTree = BUILT_PRODUCTS_DIR; };
		B26296F52E2739A000DC97A5 /* SteadyPath.app */ = {isa = PBXFileReference; explicitFileType = wrapper.application; includeInIndex = 0; path = SteadyPath.app; sourceTree = BUILT_PRODUCTS_DIR; };
		B26297052E2739A400DC97A5 /* SteadyPathTests.xctest */ = {isa = PBXFileReference; explicitFileType = wrapper.cfbundle; includeInIndex = 0; path = SteadyPathTests.xctest; sourceTree = BUILT_PRODUCTS_DIR; };
		B262970F2E2739A400DC97A5 /* SteadyPathUITests.xctest */ = {isa = PBXFileReference; explicitFileType = wrapper.cfbundle; includeInIndex = 0; path = SteadyPathUITests.xctest; sourceTree = BUILT_PRODUCTS_DIR; };
/* End PBXFileReference section */

/* Begin PBXFileSystemSynchronizedBuildFileExceptionSet section */
		5842F5DF2E275E300078CFB4 /* Exceptions for "SteadyPath" folder in "SteadyPathUITests" target */ = {
			isa = PBXFileSystemSynchronizedBuildFileExceptionSet;
			membershipExceptions = (
				Views/ContentView.swift,
			);
			target = B262970E2E2739A400DC97A5 /* SteadyPathUITests */;
		9067C7752E288C4E00134676 /* Exceptions for "SteadyPath" folder in "pill-widgetExtension" target */ = {
			isa = PBXFileSystemSynchronizedBuildFileExceptionSet;
			membershipExceptions = (
				Shared/SharedDataManager.swift,
			);
			target = 90F3CEAC2E27591700C4DDFE /* pill-widgetExtension */;
		};
		90F3CEC22E27591900C4DDFE /* Exceptions for "pill-widget" folder in "pill-widgetExtension" target */ = {
			isa = PBXFileSystemSynchronizedBuildFileExceptionSet;
			membershipExceptions = (
				Info.plist,
			);
			target = 90F3CEAC2E27591700C4DDFE /* pill-widgetExtension */;
		};
		B26297592E27545000DC97A5 /* Exceptions for "SteadyPath" folder in "SteadyPath" target */ = {
			isa = PBXFileSystemSynchronizedBuildFileExceptionSet;
			membershipExceptions = (
				Info.plist,
				Views/ContentView.swift,
			);
			target = B26296F42E2739A000DC97A5 /* SteadyPath */;
		};
/* End PBXFileSystemSynchronizedBuildFileExceptionSet section */

/* Begin PBXFileSystemSynchronizedRootGroup section */
		90F3CEB02E27591700C4DDFE /* pill-widget */ = {
			isa = PBXFileSystemSynchronizedRootGroup;
			exceptions = (
				90F3CEC22E27591900C4DDFE /* Exceptions for "pill-widget" folder in "pill-widgetExtension" target */,
			);
			path = "pill-widget";
			sourceTree = "<group>";
		};
		B26296F72E2739A000DC97A5 /* SteadyPath */ = {
			isa = PBXFileSystemSynchronizedRootGroup;
			exceptions = (
				B26297592E27545000DC97A5 /* Exceptions for "SteadyPath" folder in "SteadyPath" target */,
				5842F5DF2E275E300078CFB4 /* Exceptions for "SteadyPath" folder in "SteadyPathUITests" target */,
				9067C7752E288C4E00134676 /* Exceptions for "SteadyPath" folder in "pill-widgetExtension" target */,
			);
			path = SteadyPath;
			sourceTree = "<group>";
		};
		B26297082E2739A400DC97A5 /* SteadyPathTests */ = {
			isa = PBXFileSystemSynchronizedRootGroup;
			path = SteadyPathTests;
			sourceTree = "<group>";
		};
		B26297122E2739A400DC97A5 /* SteadyPathUITests */ = {
			isa = PBXFileSystemSynchronizedRootGroup;
			path = SteadyPathUITests;
			sourceTree = "<group>";
		};
/* End PBXFileSystemSynchronizedRootGroup section */

/* Begin PBXFrameworksBuildPhase section */
		90F3CEAA2E27591700C4DDFE /* Frameworks */ = {
			isa = PBXFrameworksBuildPhase;
			buildActionMask = 2147483647;
			files = (
				90F3CEAF2E27591700C4DDFE /* SwiftUI.framework in Frameworks */,
				90F3CEAE2E27591700C4DDFE /* WidgetKit.framework in Frameworks */,
			);
			runOnlyForDeploymentPostprocessing = 0;
		};
		B26296F22E2739A000DC97A5 /* Frameworks */ = {
			isa = PBXFrameworksBuildPhase;
			buildActionMask = 2147483647;
			files = (
			);
			runOnlyForDeploymentPostprocessing = 0;
		};
		B26297022E2739A400DC97A5 /* Frameworks */ = {
			isa = PBXFrameworksBuildPhase;
			buildActionMask = 2147483647;
			files = (
			);
			runOnlyForDeploymentPostprocessing = 0;
		};
		B262970C2E2739A400DC97A5 /* Frameworks */ = {
			isa = PBXFrameworksBuildPhase;
			buildActionMask = 2147483647;
			files = (
			);
			runOnlyForDeploymentPostprocessing = 0;
		};
/* End PBXFrameworksBuildPhase section */

/* Begin PBXGroup section */
		90F3CE8E2E2756F200C4DDFE /* Frameworks */ = {
			isa = PBXGroup;
			children = (
				90F3CE8F2E2756F200C4DDFE /* WidgetKit.framework */,
				90F3CE912E2756F200C4DDFE /* SwiftUI.framework */,
			);
			name = Frameworks;
			sourceTree = "<group>";
		};
		B26296EC2E2739A000DC97A5 = {
			isa = PBXGroup;
			children = (
				9067C7732E288BEC00134676 /* pill-widgetExtension.entitlements */,
				B26296F72E2739A000DC97A5 /* SteadyPath */,
				B26297082E2739A400DC97A5 /* SteadyPathTests */,
				B26297122E2739A400DC97A5 /* SteadyPathUITests */,
				90F3CEB02E27591700C4DDFE /* pill-widget */,
				90F3CE8E2E2756F200C4DDFE /* Frameworks */,
				B26296F62E2739A000DC97A5 /* Products */,
			);
			sourceTree = "<group>";
		};
		B26296F62E2739A000DC97A5 /* Products */ = {
			isa = PBXGroup;
			children = (
				B26296F52E2739A000DC97A5 /* SteadyPath.app */,
				B26297052E2739A400DC97A5 /* SteadyPathTests.xctest */,
				B262970F2E2739A400DC97A5 /* SteadyPathUITests.xctest */,
				90F3CEAD2E27591700C4DDFE /* pill-widgetExtension.appex */,
			);
			name = Products;
			sourceTree = "<group>";
		};
/* End PBXGroup section */

/* Begin PBXNativeTarget section */
		90F3CEAC2E27591700C4DDFE /* pill-widgetExtension */ = {
			isa = PBXNativeTarget;
			buildConfigurationList = 90F3CEBF2E27591900C4DDFE /* Build configuration list for PBXNativeTarget "pill-widgetExtension" */;
			buildPhases = (
				90F3CEA92E27591700C4DDFE /* Sources */,
				90F3CEAA2E27591700C4DDFE /* Frameworks */,
				90F3CEAB2E27591700C4DDFE /* Resources */,
			);
			buildRules = (
			);
			dependencies = (
			);
			fileSystemSynchronizedGroups = (
				90F3CEB02E27591700C4DDFE /* pill-widget */,
			);
			name = "pill-widgetExtension";
			packageProductDependencies = (
			);
			productName = "pill-widgetExtension";
			productReference = 90F3CEAD2E27591700C4DDFE /* pill-widgetExtension.appex */;
			productType = "com.apple.product-type.app-extension";
		};
		B26296F42E2739A000DC97A5 /* SteadyPath */ = {
			isa = PBXNativeTarget;
			buildConfigurationList = B26297192E2739A400DC97A5 /* Build configuration list for PBXNativeTarget "SteadyPath" */;
			buildPhases = (
				B26296F12E2739A000DC97A5 /* Sources */,
				B26296F22E2739A000DC97A5 /* Frameworks */,
				B26296F32E2739A000DC97A5 /* Resources */,
				90F3CEA42E2756F300C4DDFE /* Embed Foundation Extensions */,
			);
			buildRules = (
			);
			dependencies = (
				90F3CEBD2E27591900C4DDFE /* PBXTargetDependency */,
			);
			fileSystemSynchronizedGroups = (
				B26296F72E2739A000DC97A5 /* SteadyPath */,
			);
			name = SteadyPath;
			packageProductDependencies = (
			);
			productName = SteadyPath;
			productReference = B26296F52E2739A000DC97A5 /* SteadyPath.app */;
			productType = "com.apple.product-type.application";
		};
		B26297042E2739A400DC97A5 /* SteadyPathTests */ = {
			isa = PBXNativeTarget;
			buildConfigurationList = B262971C2E2739A400DC97A5 /* Build configuration list for PBXNativeTarget "SteadyPathTests" */;
			buildPhases = (
				B26297012E2739A400DC97A5 /* Sources */,
				B26297022E2739A400DC97A5 /* Frameworks */,
				B26297032E2739A400DC97A5 /* Resources */,
			);
			buildRules = (
			);
			dependencies = (
				B26297072E2739A400DC97A5 /* PBXTargetDependency */,
			);
			fileSystemSynchronizedGroups = (
				B26297082E2739A400DC97A5 /* SteadyPathTests */,
			);
			name = SteadyPathTests;
			packageProductDependencies = (
			);
			productName = SteadyPathTests;
			productReference = B26297052E2739A400DC97A5 /* SteadyPathTests.xctest */;
			productType = "com.apple.product-type.bundle.unit-test";
		};
		B262970E2E2739A400DC97A5 /* SteadyPathUITests */ = {
			isa = PBXNativeTarget;
			buildConfigurationList = B262971F2E2739A400DC97A5 /* Build configuration list for PBXNativeTarget "SteadyPathUITests" */;
			buildPhases = (
				B262970B2E2739A400DC97A5 /* Sources */,
				B262970C2E2739A400DC97A5 /* Frameworks */,
				B262970D2E2739A400DC97A5 /* Resources */,
			);
			buildRules = (
			);
			dependencies = (
				B26297112E2739A400DC97A5 /* PBXTargetDependency */,
			);
			fileSystemSynchronizedGroups = (
				B26297122E2739A400DC97A5 /* SteadyPathUITests */,
			);
			name = SteadyPathUITests;
			packageProductDependencies = (
			);
			productName = SteadyPathUITests;
			productReference = B262970F2E2739A400DC97A5 /* SteadyPathUITests.xctest */;
			productType = "com.apple.product-type.bundle.ui-testing";
		};
/* End PBXNativeTarget section */

/* Begin PBXProject section */
		B26296ED2E2739A000DC97A5 /* Project object */ = {
			isa = PBXProject;
			attributes = {
				BuildIndependentTargetsInParallel = 1;
				LastSwiftUpdateCheck = 1640;
				LastUpgradeCheck = 1640;
				TargetAttributes = {
					90F3CEAC2E27591700C4DDFE = {
						CreatedOnToolsVersion = 16.4;
					};
					B26296F42E2739A000DC97A5 = {
						CreatedOnToolsVersion = 16.4;
					};
					B26297042E2739A400DC97A5 = {
						CreatedOnToolsVersion = 16.4;
						TestTargetID = B26296F42E2739A000DC97A5;
					};
					B262970E2E2739A400DC97A5 = {
						CreatedOnToolsVersion = 16.4;
						TestTargetID = B26296F42E2739A000DC97A5;
					};
				};
			};
			buildConfigurationList = B26296F02E2739A000DC97A5 /* Build configuration list for PBXProject "SteadyPath" */;
			developmentRegion = en;
			hasScannedForEncodings = 0;
			knownRegions = (
				en,
				Base,
			);
			mainGroup = B26296EC2E2739A000DC97A5;
			minimizedProjectReferenceProxies = 1;
			preferredProjectObjectVersion = 77;
			productRefGroup = B26296F62E2739A000DC97A5 /* Products */;
			projectDirPath = "";
			projectRoot = "";
			targets = (
				B26296F42E2739A000DC97A5 /* SteadyPath */,
				B26297042E2739A400DC97A5 /* SteadyPathTests */,
				B262970E2E2739A400DC97A5 /* SteadyPathUITests */,
				90F3CEAC2E27591700C4DDFE /* pill-widgetExtension */,
			);
		};
/* End PBXProject section */

/* Begin PBXResourcesBuildPhase section */
		90F3CEAB2E27591700C4DDFE /* Resources */ = {
			isa = PBXResourcesBuildPhase;
			buildActionMask = 2147483647;
			files = (
			);
			runOnlyForDeploymentPostprocessing = 0;
		};
		B26296F32E2739A000DC97A5 /* Resources */ = {
			isa = PBXResourcesBuildPhase;
			buildActionMask = 2147483647;
			files = (
			);
			runOnlyForDeploymentPostprocessing = 0;
		};
		B26297032E2739A400DC97A5 /* Resources */ = {
			isa = PBXResourcesBuildPhase;
			buildActionMask = 2147483647;
			files = (
			);
			runOnlyForDeploymentPostprocessing = 0;
		};
		B262970D2E2739A400DC97A5 /* Resources */ = {
			isa = PBXResourcesBuildPhase;
			buildActionMask = 2147483647;
			files = (
			);
			runOnlyForDeploymentPostprocessing = 0;
		};
/* End PBXResourcesBuildPhase section */

/* Begin PBXSourcesBuildPhase section */
		90F3CEA92E27591700C4DDFE /* Sources */ = {
			isa = PBXSourcesBuildPhase;
			buildActionMask = 2147483647;
			files = (
			);
			runOnlyForDeploymentPostprocessing = 0;
		};
		B26296F12E2739A000DC97A5 /* Sources */ = {
			isa = PBXSourcesBuildPhase;
			buildActionMask = 2147483647;
			files = (
			);
			runOnlyForDeploymentPostprocessing = 0;
		};
		B26297012E2739A400DC97A5 /* Sources */ = {
			isa = PBXSourcesBuildPhase;
			buildActionMask = 2147483647;
			files = (
			);
			runOnlyForDeploymentPostprocessing = 0;
		};
		B262970B2E2739A400DC97A5 /* Sources */ = {
			isa = PBXSourcesBuildPhase;
			buildActionMask = 2147483647;
			files = (
			);
			runOnlyForDeploymentPostprocessing = 0;
		};
/* End PBXSourcesBuildPhase section */

/* Begin PBXTargetDependency section */
		90F3CEBD2E27591900C4DDFE /* PBXTargetDependency */ = {
			isa = PBXTargetDependency;
			target = 90F3CEAC2E27591700C4DDFE /* pill-widgetExtension */;
			targetProxy = 90F3CEBC2E27591900C4DDFE /* PBXContainerItemProxy */;
		};
		B26297072E2739A400DC97A5 /* PBXTargetDependency */ = {
			isa = PBXTargetDependency;
			target = B26296F42E2739A000DC97A5 /* SteadyPath */;
			targetProxy = B26297062E2739A400DC97A5 /* PBXContainerItemProxy */;
		};
		B26297112E2739A400DC97A5 /* PBXTargetDependency */ = {
			isa = PBXTargetDependency;
			target = B26296F42E2739A000DC97A5 /* SteadyPath */;
			targetProxy = B26297102E2739A400DC97A5 /* PBXContainerItemProxy */;
		};
/* End PBXTargetDependency section */

/* Begin XCBuildConfiguration section */
		90F3CEC02E27591900C4DDFE /* Debug */ = {
			isa = XCBuildConfiguration;
			buildSettings = {
				ASSETCATALOG_COMPILER_GLOBAL_ACCENT_COLOR_NAME = AccentColor;
				ASSETCATALOG_COMPILER_WIDGET_BACKGROUND_COLOR_NAME = WidgetBackground;
				CODE_SIGN_ENTITLEMENTS = "pill-widgetExtension.entitlements";
				CODE_SIGN_STYLE = Automatic;
				CURRENT_PROJECT_VERSION = 1;
				DEVELOPMENT_TEAM = "";
				GENERATE_INFOPLIST_FILE = YES;
				INFOPLIST_FILE = "pill-widget/Info.plist";
				INFOPLIST_KEY_CFBundleDisplayName = "pill-widget";
				INFOPLIST_KEY_NSHumanReadableCopyright = "";
				IPHONEOS_DEPLOYMENT_TARGET = 18.5;
				LD_RUNPATH_SEARCH_PATHS = (
					"$(inherited)",
					"@executable_path/Frameworks",
					"@executable_path/../../Frameworks",
				);
				MARKETING_VERSION = 1.0;
				PRODUCT_BUNDLE_IDENTIFIER = "com.steadypath.SteadyPath.pill-widget";
				PRODUCT_NAME = "$(TARGET_NAME)";
				SDKROOT = iphoneos;
				SKIP_INSTALL = YES;
				SWIFT_EMIT_LOC_STRINGS = YES;
				SWIFT_VERSION = 5.0;
				TARGETED_DEVICE_FAMILY = "1,2";
			};
			name = Debug;
		};
		90F3CEC12E27591900C4DDFE /* Release */ = {
			isa = XCBuildConfiguration;
			buildSettings = {
				ASSETCATALOG_COMPILER_GLOBAL_ACCENT_COLOR_NAME = AccentColor;
				ASSETCATALOG_COMPILER_WIDGET_BACKGROUND_COLOR_NAME = WidgetBackground;
				CODE_SIGN_ENTITLEMENTS = "pill-widgetExtension.entitlements";
				CODE_SIGN_STYLE = Automatic;
				CURRENT_PROJECT_VERSION = 1;
				DEVELOPMENT_TEAM = "";
				GENERATE_INFOPLIST_FILE = YES;
				INFOPLIST_FILE = "pill-widget/Info.plist";
				INFOPLIST_KEY_CFBundleDisplayName = "pill-widget";
				INFOPLIST_KEY_NSHumanReadableCopyright = "";
				IPHONEOS_DEPLOYMENT_TARGET = 18.5;
				LD_RUNPATH_SEARCH_PATHS = (
					"$(inherited)",
					"@executable_path/Frameworks",
					"@executable_path/../../Frameworks",
				);
				MARKETING_VERSION = 1.0;
				PRODUCT_BUNDLE_IDENTIFIER = "com.steadypath.SteadyPath.pill-widget";
				PRODUCT_NAME = "$(TARGET_NAME)";
				SDKROOT = iphoneos;
				SKIP_INSTALL = YES;
				SWIFT_EMIT_LOC_STRINGS = YES;
				SWIFT_VERSION = 5.0;
				TARGETED_DEVICE_FAMILY = "1,2";
				VALIDATE_PRODUCT = YES;
			};
			name = Release;
		};
		B26297172E2739A400DC97A5 /* Debug */ = {
			isa = XCBuildConfiguration;
			buildSettings = {
				ALWAYS_SEARCH_USER_PATHS = NO;
				ASSETCATALOG_COMPILER_GENERATE_SWIFT_ASSET_SYMBOL_EXTENSIONS = YES;
				CLANG_ANALYZER_NONNULL = YES;
				CLANG_ANALYZER_NUMBER_OBJECT_CONVERSION = YES_AGGRESSIVE;
				CLANG_CXX_LANGUAGE_STANDARD = "gnu++20";
				CLANG_ENABLE_MODULES = YES;
				CLANG_ENABLE_OBJC_ARC = YES;
				CLANG_ENABLE_OBJC_WEAK = YES;
				CLANG_WARN_BLOCK_CAPTURE_AUTORELEASING = YES;
				CLANG_WARN_BOOL_CONVERSION = YES;
				CLANG_WARN_COMMA = YES;
				CLANG_WARN_CONSTANT_CONVERSION = YES;
				CLANG_WARN_DEPRECATED_OBJC_IMPLEMENTATIONS = YES;
				CLANG_WARN_DIRECT_OBJC_ISA_USAGE = YES_ERROR;
				CLANG_WARN_DOCUMENTATION_COMMENTS = YES;
				CLANG_WARN_EMPTY_BODY = YES;
				CLANG_WARN_ENUM_CONVERSION = YES;
				CLANG_WARN_INFINITE_RECURSION = YES;
				CLANG_WARN_INT_CONVERSION = YES;
				CLANG_WARN_NON_LITERAL_NULL_CONVERSION = YES;
				CLANG_WARN_OBJC_IMPLICIT_RETAIN_SELF = YES;
				CLANG_WARN_OBJC_LITERAL_CONVERSION = YES;
				CLANG_WARN_OBJC_ROOT_CLASS = YES_ERROR;
				CLANG_WARN_QUOTED_INCLUDE_IN_FRAMEWORK_HEADER = YES;
				CLANG_WARN_RANGE_LOOP_ANALYSIS = YES;
				CLANG_WARN_STRICT_PROTOTYPES = YES;
				CLANG_WARN_SUSPICIOUS_MOVE = YES;
				CLANG_WARN_UNGUARDED_AVAILABILITY = YES_AGGRESSIVE;
				CLANG_WARN_UNREACHABLE_CODE = YES;
				CLANG_WARN__DUPLICATE_METHOD_MATCH = YES;
				COPY_PHASE_STRIP = NO;
				DEBUG_INFORMATION_FORMAT = dwarf;
				ENABLE_STRICT_OBJC_MSGSEND = YES;
				ENABLE_TESTABILITY = YES;
				ENABLE_USER_SCRIPT_SANDBOXING = YES;
				GCC_C_LANGUAGE_STANDARD = gnu17;
				GCC_DYNAMIC_NO_PIC = NO;
				GCC_NO_COMMON_BLOCKS = YES;
				GCC_OPTIMIZATION_LEVEL = 0;
				GCC_PREPROCESSOR_DEFINITIONS = (
					"DEBUG=1",
					"$(inherited)",
				);
				GCC_WARN_64_TO_32_BIT_CONVERSION = YES;
				GCC_WARN_ABOUT_RETURN_TYPE = YES_ERROR;
				GCC_WARN_UNDECLARED_SELECTOR = YES;
				GCC_WARN_UNINITIALIZED_AUTOS = YES_AGGRESSIVE;
				GCC_WARN_UNUSED_FUNCTION = YES;
				GCC_WARN_UNUSED_VARIABLE = YES;
				LOCALIZATION_PREFERS_STRING_CATALOGS = YES;
				MTL_ENABLE_DEBUG_INFO = INCLUDE_SOURCE;
				MTL_FAST_MATH = YES;
				ONLY_ACTIVE_ARCH = YES;
				SWIFT_ACTIVE_COMPILATION_CONDITIONS = "DEBUG $(inherited)";
				SWIFT_OPTIMIZATION_LEVEL = "-Onone";
			};
			name = Debug;
		};
		B26297182E2739A400DC97A5 /* Release */ = {
			isa = XCBuildConfiguration;
			buildSettings = {
				ALWAYS_SEARCH_USER_PATHS = NO;
				ASSETCATALOG_COMPILER_GENERATE_SWIFT_ASSET_SYMBOL_EXTENSIONS = YES;
				CLANG_ANALYZER_NONNULL = YES;
				CLANG_ANALYZER_NUMBER_OBJECT_CONVERSION = YES_AGGRESSIVE;
				CLANG_CXX_LANGUAGE_STANDARD = "gnu++20";
				CLANG_ENABLE_MODULES = YES;
				CLANG_ENABLE_OBJC_ARC = YES;
				CLANG_ENABLE_OBJC_WEAK = YES;
				CLANG_WARN_BLOCK_CAPTURE_AUTORELEASING = YES;
				CLANG_WARN_BOOL_CONVERSION = YES;
				CLANG_WARN_COMMA = YES;
				CLANG_WARN_CONSTANT_CONVERSION = YES;
				CLANG_WARN_DEPRECATED_OBJC_IMPLEMENTATIONS = YES;
				CLANG_WARN_DIRECT_OBJC_ISA_USAGE = YES_ERROR;
				CLANG_WARN_DOCUMENTATION_COMMENTS = YES;
				CLANG_WARN_EMPTY_BODY = YES;
				CLANG_WARN_ENUM_CONVERSION = YES;
				CLANG_WARN_INFINITE_RECURSION = YES;
				CLANG_WARN_INT_CONVERSION = YES;
				CLANG_WARN_NON_LITERAL_NULL_CONVERSION = YES;
				CLANG_WARN_OBJC_IMPLICIT_RETAIN_SELF = YES;
				CLANG_WARN_OBJC_LITERAL_CONVERSION = YES;
				CLANG_WARN_OBJC_ROOT_CLASS = YES_ERROR;
				CLANG_WARN_QUOTED_INCLUDE_IN_FRAMEWORK_HEADER = YES;
				CLANG_WARN_RANGE_LOOP_ANALYSIS = YES;
				CLANG_WARN_STRICT_PROTOTYPES = YES;
				CLANG_WARN_SUSPICIOUS_MOVE = YES;
				CLANG_WARN_UNGUARDED_AVAILABILITY = YES_AGGRESSIVE;
				CLANG_WARN_UNREACHABLE_CODE = YES;
				CLANG_WARN__DUPLICATE_METHOD_MATCH = YES;
				COPY_PHASE_STRIP = NO;
				DEBUG_INFORMATION_FORMAT = "dwarf-with-dsym";
				ENABLE_NS_ASSERTIONS = NO;
				ENABLE_STRICT_OBJC_MSGSEND = YES;
				ENABLE_USER_SCRIPT_SANDBOXING = YES;
				GCC_C_LANGUAGE_STANDARD = gnu17;
				GCC_NO_COMMON_BLOCKS = YES;
				GCC_WARN_64_TO_32_BIT_CONVERSION = YES;
				GCC_WARN_ABOUT_RETURN_TYPE = YES_ERROR;
				GCC_WARN_UNDECLARED_SELECTOR = YES;
				GCC_WARN_UNINITIALIZED_AUTOS = YES_AGGRESSIVE;
				GCC_WARN_UNUSED_FUNCTION = YES;
				GCC_WARN_UNUSED_VARIABLE = YES;
				LOCALIZATION_PREFERS_STRING_CATALOGS = YES;
				MTL_ENABLE_DEBUG_INFO = NO;
				MTL_FAST_MATH = YES;
				SWIFT_COMPILATION_MODE = wholemodule;
			};
			name = Release;
		};
		B262971A2E2739A400DC97A5 /* Debug */ = {
			isa = XCBuildConfiguration;
			buildSettings = {
				ASSETCATALOG_COMPILER_APPICON_NAME = AppIcon;
				ASSETCATALOG_COMPILER_GLOBAL_ACCENT_COLOR_NAME = AccentColor;
				CODE_SIGN_ENTITLEMENTS = SteadyPath/SteadyPath.entitlements;
				CODE_SIGN_STYLE = Automatic;
				CURRENT_PROJECT_VERSION = 1;
				DEVELOPMENT_TEAM = "";
				ENABLE_PREVIEWS = YES;
				GENERATE_INFOPLIST_FILE = YES;
				INFOPLIST_FILE = SteadyPath/Info.plist;
				INFOPLIST_KEY_NSSpeechRecognitionUsageDescription = "We use speech recognition to transcribe your spoken responses.";
				"INFOPLIST_KEY_UIApplicationSceneManifest_Generation[sdk=iphoneos*]" = YES;
				"INFOPLIST_KEY_UIApplicationSceneManifest_Generation[sdk=iphonesimulator*]" = YES;
				"INFOPLIST_KEY_UIApplicationSupportsIndirectInputEvents[sdk=iphoneos*]" = YES;
				"INFOPLIST_KEY_UIApplicationSupportsIndirectInputEvents[sdk=iphonesimulator*]" = YES;
				"INFOPLIST_KEY_UILaunchScreen_Generation[sdk=iphoneos*]" = YES;
				"INFOPLIST_KEY_UILaunchScreen_Generation[sdk=iphonesimulator*]" = YES;
				"INFOPLIST_KEY_UIStatusBarStyle[sdk=iphoneos*]" = UIStatusBarStyleDefault;
				"INFOPLIST_KEY_UIStatusBarStyle[sdk=iphonesimulator*]" = UIStatusBarStyleDefault;
				INFOPLIST_KEY_UISupportedInterfaceOrientations_iPad = "UIInterfaceOrientationPortrait UIInterfaceOrientationPortraitUpsideDown UIInterfaceOrientationLandscapeLeft UIInterfaceOrientationLandscapeRight";
				INFOPLIST_KEY_UISupportedInterfaceOrientations_iPhone = "UIInterfaceOrientationPortrait UIInterfaceOrientationLandscapeLeft UIInterfaceOrientationLandscapeRight";
				IPHONEOS_DEPLOYMENT_TARGET = 18.5;
				LD_RUNPATH_SEARCH_PATHS = "@executable_path/Frameworks";
				"LD_RUNPATH_SEARCH_PATHS[sdk=macosx*]" = "@executable_path/../Frameworks";
				MACOSX_DEPLOYMENT_TARGET = 14.0;
				MARKETING_VERSION = 1.0;
				PRODUCT_BUNDLE_IDENTIFIER = com.steadypath.SteadyPath;
				PRODUCT_NAME = "$(TARGET_NAME)";
				REGISTER_APP_GROUPS = YES;
				SDKROOT = auto;
				SUPPORTED_PLATFORMS = "iphoneos iphonesimulator macosx xros xrsimulator";
				SWIFT_EMIT_LOC_STRINGS = YES;
				SWIFT_VERSION = 5.0;
				TARGETED_DEVICE_FAMILY = "1,2,7";
				XROS_DEPLOYMENT_TARGET = 2.5;
			};
			name = Debug;
		};
		B262971B2E2739A400DC97A5 /* Release */ = {
			isa = XCBuildConfiguration;
			buildSettings = {
				ASSETCATALOG_COMPILER_APPICON_NAME = AppIcon;
				ASSETCATALOG_COMPILER_GLOBAL_ACCENT_COLOR_NAME = AccentColor;
				CODE_SIGN_ENTITLEMENTS = SteadyPath/SteadyPath.entitlements;
				CODE_SIGN_STYLE = Automatic;
				CURRENT_PROJECT_VERSION = 1;
				DEVELOPMENT_TEAM = "";
				ENABLE_PREVIEWS = YES;
				GENERATE_INFOPLIST_FILE = YES;
				INFOPLIST_FILE = SteadyPath/Info.plist;
				INFOPLIST_KEY_NSSpeechRecognitionUsageDescription = "We use speech recognition to transcribe your spoken responses.";
				"INFOPLIST_KEY_UIApplicationSceneManifest_Generation[sdk=iphoneos*]" = YES;
				"INFOPLIST_KEY_UIApplicationSceneManifest_Generation[sdk=iphonesimulator*]" = YES;
				"INFOPLIST_KEY_UIApplicationSupportsIndirectInputEvents[sdk=iphoneos*]" = YES;
				"INFOPLIST_KEY_UIApplicationSupportsIndirectInputEvents[sdk=iphonesimulator*]" = YES;
				"INFOPLIST_KEY_UILaunchScreen_Generation[sdk=iphoneos*]" = YES;
				"INFOPLIST_KEY_UILaunchScreen_Generation[sdk=iphonesimulator*]" = YES;
				"INFOPLIST_KEY_UIStatusBarStyle[sdk=iphoneos*]" = UIStatusBarStyleDefault;
				"INFOPLIST_KEY_UIStatusBarStyle[sdk=iphonesimulator*]" = UIStatusBarStyleDefault;
				INFOPLIST_KEY_UISupportedInterfaceOrientations_iPad = "UIInterfaceOrientationPortrait UIInterfaceOrientationPortraitUpsideDown UIInterfaceOrientationLandscapeLeft UIInterfaceOrientationLandscapeRight";
				INFOPLIST_KEY_UISupportedInterfaceOrientations_iPhone = "UIInterfaceOrientationPortrait UIInterfaceOrientationLandscapeLeft UIInterfaceOrientationLandscapeRight";
				IPHONEOS_DEPLOYMENT_TARGET = 18.5;
				LD_RUNPATH_SEARCH_PATHS = "@executable_path/Frameworks";
				"LD_RUNPATH_SEARCH_PATHS[sdk=macosx*]" = "@executable_path/../Frameworks";
				MACOSX_DEPLOYMENT_TARGET = 14.0;
				MARKETING_VERSION = 1.0;
				PRODUCT_BUNDLE_IDENTIFIER = com.steadypath.SteadyPath;
				PRODUCT_NAME = "$(TARGET_NAME)";
				REGISTER_APP_GROUPS = YES;
				SDKROOT = auto;
				SUPPORTED_PLATFORMS = "iphoneos iphonesimulator macosx xros xrsimulator";
				SWIFT_EMIT_LOC_STRINGS = YES;
				SWIFT_VERSION = 5.0;
				TARGETED_DEVICE_FAMILY = "1,2,7";
				XROS_DEPLOYMENT_TARGET = 2.5;
			};
			name = Release;
		};
		B262971D2E2739A400DC97A5 /* Debug */ = {
			isa = XCBuildConfiguration;
			buildSettings = {
				BUNDLE_LOADER = "$(TEST_HOST)";
				CODE_SIGN_STYLE = Automatic;
				CURRENT_PROJECT_VERSION = 1;
				GENERATE_INFOPLIST_FILE = YES;
				IPHONEOS_DEPLOYMENT_TARGET = 18.5;
				MACOSX_DEPLOYMENT_TARGET = 15.5;
				MARKETING_VERSION = 1.0;
				PRODUCT_BUNDLE_IDENTIFIER = com.steadypath.SteadyPathTests;
				PRODUCT_NAME = "$(TARGET_NAME)";
				SDKROOT = auto;
				SUPPORTED_PLATFORMS = "iphoneos iphonesimulator macosx xros xrsimulator";
				SWIFT_EMIT_LOC_STRINGS = NO;
				SWIFT_VERSION = 5.0;
				TARGETED_DEVICE_FAMILY = "1,2,7";
				TEST_HOST = "$(BUILT_PRODUCTS_DIR)/SteadyPath.app/$(BUNDLE_EXECUTABLE_FOLDER_PATH)/SteadyPath";
				XROS_DEPLOYMENT_TARGET = 2.5;
			};
			name = Debug;
		};
		B262971E2E2739A400DC97A5 /* Release */ = {
			isa = XCBuildConfiguration;
			buildSettings = {
				BUNDLE_LOADER = "$(TEST_HOST)";
				CODE_SIGN_STYLE = Automatic;
				CURRENT_PROJECT_VERSION = 1;
				GENERATE_INFOPLIST_FILE = YES;
				IPHONEOS_DEPLOYMENT_TARGET = 18.5;
				MACOSX_DEPLOYMENT_TARGET = 15.5;
				MARKETING_VERSION = 1.0;
				PRODUCT_BUNDLE_IDENTIFIER = com.steadypath.SteadyPathTests;
				PRODUCT_NAME = "$(TARGET_NAME)";
				SDKROOT = auto;
				SUPPORTED_PLATFORMS = "iphoneos iphonesimulator macosx xros xrsimulator";
				SWIFT_EMIT_LOC_STRINGS = NO;
				SWIFT_VERSION = 5.0;
				TARGETED_DEVICE_FAMILY = "1,2,7";
				TEST_HOST = "$(BUILT_PRODUCTS_DIR)/SteadyPath.app/$(BUNDLE_EXECUTABLE_FOLDER_PATH)/SteadyPath";
				XROS_DEPLOYMENT_TARGET = 2.5;
			};
			name = Release;
		};
		B26297202E2739A400DC97A5 /* Debug */ = {
			isa = XCBuildConfiguration;
			buildSettings = {
				CODE_SIGN_STYLE = Automatic;
				CURRENT_PROJECT_VERSION = 1;
				GENERATE_INFOPLIST_FILE = YES;
				IPHONEOS_DEPLOYMENT_TARGET = 18.5;
				MACOSX_DEPLOYMENT_TARGET = 15.5;
				MARKETING_VERSION = 1.0;
				PRODUCT_BUNDLE_IDENTIFIER = com.steadypath.SteadyPathUITests;
				PRODUCT_NAME = "$(TARGET_NAME)";
				SDKROOT = auto;
				SUPPORTED_PLATFORMS = "iphoneos iphonesimulator macosx xros xrsimulator";
				SWIFT_EMIT_LOC_STRINGS = NO;
				SWIFT_VERSION = 5.0;
				TARGETED_DEVICE_FAMILY = "1,2,7";
				TEST_TARGET_NAME = SteadyPath;
				XROS_DEPLOYMENT_TARGET = 2.5;
			};
			name = Debug;
		};
		B26297212E2739A400DC97A5 /* Release */ = {
			isa = XCBuildConfiguration;
			buildSettings = {
				CODE_SIGN_STYLE = Automatic;
				CURRENT_PROJECT_VERSION = 1;
				GENERATE_INFOPLIST_FILE = YES;
				IPHONEOS_DEPLOYMENT_TARGET = 18.5;
				MACOSX_DEPLOYMENT_TARGET = 15.5;
				MARKETING_VERSION = 1.0;
				PRODUCT_BUNDLE_IDENTIFIER = com.steadypath.SteadyPathUITests;
				PRODUCT_NAME = "$(TARGET_NAME)";
				SDKROOT = auto;
				SUPPORTED_PLATFORMS = "iphoneos iphonesimulator macosx xros xrsimulator";
				SWIFT_EMIT_LOC_STRINGS = NO;
				SWIFT_VERSION = 5.0;
				TARGETED_DEVICE_FAMILY = "1,2,7";
				TEST_TARGET_NAME = SteadyPath;
				XROS_DEPLOYMENT_TARGET = 2.5;
			};
			name = Release;
		};
/* End XCBuildConfiguration section */

/* Begin XCConfigurationList section */
		90F3CEBF2E27591900C4DDFE /* Build configuration list for PBXNativeTarget "pill-widgetExtension" */ = {
			isa = XCConfigurationList;
			buildConfigurations = (
				90F3CEC02E27591900C4DDFE /* Debug */,
				90F3CEC12E27591900C4DDFE /* Release */,
			);
			defaultConfigurationIsVisible = 0;
			defaultConfigurationName = Release;
		};
		B26296F02E2739A000DC97A5 /* Build configuration list for PBXProject "SteadyPath" */ = {
			isa = XCConfigurationList;
			buildConfigurations = (
				B26297172E2739A400DC97A5 /* Debug */,
				B26297182E2739A400DC97A5 /* Release */,
			);
			defaultConfigurationIsVisible = 0;
			defaultConfigurationName = Release;
		};
		B26297192E2739A400DC97A5 /* Build configuration list for PBXNativeTarget "SteadyPath" */ = {
			isa = XCConfigurationList;
			buildConfigurations = (
				B262971A2E2739A400DC97A5 /* Debug */,
				B262971B2E2739A400DC97A5 /* Release */,
			);
			defaultConfigurationIsVisible = 0;
			defaultConfigurationName = Release;
		};
		B262971C2E2739A400DC97A5 /* Build configuration list for PBXNativeTarget "SteadyPathTests" */ = {
			isa = XCConfigurationList;
			buildConfigurations = (
				B262971D2E2739A400DC97A5 /* Debug */,
				B262971E2E2739A400DC97A5 /* Release */,
			);
			defaultConfigurationIsVisible = 0;
			defaultConfigurationName = Release;
		};
		B262971F2E2739A400DC97A5 /* Build configuration list for PBXNativeTarget "SteadyPathUITests" */ = {
			isa = XCConfigurationList;
			buildConfigurations = (
				B26297202E2739A400DC97A5 /* Debug */,
				B26297212E2739A400DC97A5 /* Release */,
			);
			defaultConfigurationIsVisible = 0;
			defaultConfigurationName = Release;
		};
/* End XCConfigurationList section */
	};
	rootObject = B26296ED2E2739A000DC97A5 /* Project object */;
}
