// !$*UTF8*$!
{
	archiveVersion = 1;
	classes = {
	};
	objectVersion = 77;
	objects = {

/* Begin PBXContainerItemProxy section */
		90F3CDD02E273A2D00C4DDFE /* PBXContainerItemProxy */ = {
			isa = PBXContainerItemProxy;
			containerPortal = 90F3CDB82E273A2C00C4DDFE /* Project object */;
			proxyType = 1;
			remoteGlobalIDString = 90F3CDBF2E273A2C00C4DDFE;
			remoteInfo = "steady path";
		};
		90F3CDDA2E273A2D00C4DDFE /* PBXContainerItemProxy */ = {
			isa = PBXContainerItemProxy;
			containerPortal = 90F3CDB82E273A2C00C4DDFE /* Project object */;
			proxyType = 1;
			remoteGlobalIDString = 90F3CDBF2E273A2C00C4DDFE;
			remoteInfo = "steady path";
		};
/* End PBXContainerItemProxy section */

/* Begin PBXFileReference section */
		90F3CDC02E273A2C00C4DDFE /* steady path.app */ = {isa = PBXFileReference; explicitFileType = wrapper.application; includeInIndex = 0; path = "steady path.app"; sourceTree = BUILT_PRODUCTS_DIR; };
		90F3CDCF2E273A2D00C4DDFE /* steady pathTests.xctest */ = {isa = PBXFileReference; explicitFileType = wrapper.cfbundle; includeInIndex = 0; path = "steady pathTests.xctest"; sourceTree = BUILT_PRODUCTS_DIR; };
		90F3CDD92E273A2D00C4DDFE /* steady pathUITests.xctest */ = {isa = PBXFileReference; explicitFileType = wrapper.cfbundle; includeInIndex = 0; path = "steady pathUITests.xctest"; sourceTree = BUILT_PRODUCTS_DIR; };
/* End PBXFileReference section */

/* Begin PBXFileSystemSynchronizedRootGroup section */
		90F3CDC22E273A2C00C4DDFE /* steady path */ = {
			isa = PBXFileSystemSynchronizedRootGroup;
			path = "steady path";
			sourceTree = "<group>";
		};
		90F3CDD22E273A2D00C4DDFE /* steady pathTests */ = {
			isa = PBXFileSystemSynchronizedRootGroup;
			path = "steady pathTests";
			sourceTree = "<group>";
		};
		90F3CDDC2E273A2D00C4DDFE /* steady pathUITests */ = {
			isa = PBXFileSystemSynchronizedRootGroup;
			path = "steady pathUITests";
			sourceTree = "<group>";
		};
/* End PBXFileSystemSynchronizedRootGroup section */

/* Begin PBXFrameworksBuildPhase section */
		90F3CDBD2E273A2C00C4DDFE /* Frameworks */ = {
			isa = PBXFrameworksBuildPhase;
			buildActionMask = 2147483647;
			files = (
			);
			runOnlyForDeploymentPostprocessing = 0;
		};
		90F3CDCC2E273A2D00C4DDFE /* Frameworks */ = {
			isa = PBXFrameworksBuildPhase;
			buildActionMask = 2147483647;
			files = (
			);
			runOnlyForDeploymentPostprocessing = 0;
		};
		90F3CDD62E273A2D00C4DDFE /* Frameworks */ = {
			isa = PBXFrameworksBuildPhase;
			buildActionMask = 2147483647;
			files = (
			);
			runOnlyForDeploymentPostprocessing = 0;
		};
/* End PBXFrameworksBuildPhase section */

/* Begin PBXGroup section */
		90F3CDB72E273A2C00C4DDFE = {
			isa = PBXGroup;
			children = (
				90F3CDC22E273A2C00C4DDFE /* steady path */,
				90F3CDD22E273A2D00C4DDFE /* steady pathTests */,
				90F3CDDC2E273A2D00C4DDFE /* steady pathUITests */,
				90F3CDC12E273A2C00C4DDFE /* Products */,
			);
			sourceTree = "<group>";
		};
		90F3CDC12E273A2C00C4DDFE /* Products */ = {
			isa = PBXGroup;
			children = (
				90F3CDC02E273A2C00C4DDFE /* steady path.app */,
				90F3CDCF2E273A2D00C4DDFE /* steady pathTests.xctest */,
				90F3CDD92E273A2D00C4DDFE /* steady pathUITests.xctest */,
			);
			name = Products;
			sourceTree = "<group>";
		};
/* End PBXGroup section */

/* Begin PBXNativeTarget section */
		90F3CDBF2E273A2C00C4DDFE /* steady path */ = {
			isa = PBXNativeTarget;
			buildConfigurationList = 90F3CDE32E273A2D00C4DDFE /* Build configuration list for PBXNativeTarget "steady path" */;
			buildPhases = (
				90F3CDBC2E273A2C00C4DDFE /* Sources */,
				90F3CDBD2E273A2C00C4DDFE /* Frameworks */,
				90F3CDBE2E273A2C00C4DDFE /* Resources */,
			);
			buildRules = (
			);
			dependencies = (
			);
			fileSystemSynchronizedGroups = (
				90F3CDC22E273A2C00C4DDFE /* steady path */,
			);
			name = "steady path";
			packageProductDependencies = (
			);
			productName = "steady path";
			productReference = 90F3CDC02E273A2C00C4DDFE /* steady path.app */;
			productType = "com.apple.product-type.application";
		};
		90F3CDCE2E273A2D00C4DDFE /* steady pathTests */ = {
			isa = PBXNativeTarget;
			buildConfigurationList = 90F3CDE62E273A2D00C4DDFE /* Build configuration list for PBXNativeTarget "steady pathTests" */;
			buildPhases = (
				90F3CDCB2E273A2D00C4DDFE /* Sources */,
				90F3CDCC2E273A2D00C4DDFE /* Frameworks */,
				90F3CDCD2E273A2D00C4DDFE /* Resources */,
			);
			buildRules = (
			);
			dependencies = (
				90F3CDD12E273A2D00C4DDFE /* PBXTargetDependency */,
			);
			fileSystemSynchronizedGroups = (
				90F3CDD22E273A2D00C4DDFE /* steady pathTests */,
			);
			name = "steady pathTests";
			packageProductDependencies = (
			);
			productName = "steady pathTests";
			productReference = 90F3CDCF2E273A2D00C4DDFE /* steady pathTests.xctest */;
			productType = "com.apple.product-type.bundle.unit-test";
		};
		90F3CDD82E273A2D00C4DDFE /* steady pathUITests */ = {
			isa = PBXNativeTarget;
			buildConfigurationList = 90F3CDE92E273A2D00C4DDFE /* Build configuration list for PBXNativeTarget "steady pathUITests" */;
			buildPhases = (
				90F3CDD52E273A2D00C4DDFE /* Sources */,
				90F3CDD62E273A2D00C4DDFE /* Frameworks */,
				90F3CDD72E273A2D00C4DDFE /* Resources */,
			);
			buildRules = (
			);
			dependencies = (
				90F3CDDB2E273A2D00C4DDFE /* PBXTargetDependency */,
			);
			fileSystemSynchronizedGroups = (
				90F3CDDC2E273A2D00C4DDFE /* steady pathUITests */,
			);
			name = "steady pathUITests";
			packageProductDependencies = (
			);
			productName = "steady pathUITests";
			productReference = 90F3CDD92E273A2D00C4DDFE /* steady pathUITests.xctest */;
			productType = "com.apple.product-type.bundle.ui-testing";
		};
/* End PBXNativeTarget section */

/* Begin PBXProject section */
		90F3CDB82E273A2C00C4DDFE /* Project object */ = {
			isa = PBXProject;
			attributes = {
				BuildIndependentTargetsInParallel = 1;
				LastSwiftUpdateCheck = 1640;
				LastUpgradeCheck = 1640;
				TargetAttributes = {
					90F3CDBF2E273A2C00C4DDFE = {
						CreatedOnToolsVersion = 16.4;
					};
					90F3CDCE2E273A2D00C4DDFE = {
						CreatedOnToolsVersion = 16.4;
						TestTargetID = 90F3CDBF2E273A2C00C4DDFE;
					};
					90F3CDD82E273A2D00C4DDFE = {
						CreatedOnToolsVersion = 16.4;
						TestTargetID = 90F3CDBF2E273A2C00C4DDFE;
					};
				};
			};
			buildConfigurationList = 90F3CDBB2E273A2C00C4DDFE /* Build configuration list for PBXProject "steady path" */;
			developmentRegion = en;
			hasScannedForEncodings = 0;
			knownRegions = (
				en,
				Base,
			);
			mainGroup = 90F3CDB72E273A2C00C4DDFE;
			minimizedProjectReferenceProxies = 1;
			preferredProjectObjectVersion = 77;
			productRefGroup = 90F3CDC12E273A2C00C4DDFE /* Products */;
			projectDirPath = "";
			projectRoot = "";
			targets = (
				90F3CDBF2E273A2C00C4DDFE /* steady path */,
				90F3CDCE2E273A2D00C4DDFE /* steady pathTests */,
				90F3CDD82E273A2D00C4DDFE /* steady pathUITests */,
			);
		};
/* End PBXProject section */

/* Begin PBXResourcesBuildPhase section */
		90F3CDBE2E273A2C00C4DDFE /* Resources */ = {
			isa = PBXResourcesBuildPhase;
			buildActionMask = 2147483647;
			files = (
			);
			runOnlyForDeploymentPostprocessing = 0;
		};
		90F3CDCD2E273A2D00C4DDFE /* Resources */ = {
			isa = PBXResourcesBuildPhase;
			buildActionMask = 2147483647;
			files = (
			);
			runOnlyForDeploymentPostprocessing = 0;
		};
		90F3CDD72E273A2D00C4DDFE /* Resources */ = {
			isa = PBXResourcesBuildPhase;
			buildActionMask = 2147483647;
			files = (
			);
			runOnlyForDeploymentPostprocessing = 0;
		};
/* End PBXResourcesBuildPhase section */

/* Begin PBXSourcesBuildPhase section */
		90F3CDBC2E273A2C00C4DDFE /* Sources */ = {
			isa = PBXSourcesBuildPhase;
			buildActionMask = 2147483647;
			files = (
			);
			runOnlyForDeploymentPostprocessing = 0;
		};
		90F3CDCB2E273A2D00C4DDFE /* Sources */ = {
			isa = PBXSourcesBuildPhase;
			buildActionMask = 2147483647;
			files = (
			);
			runOnlyForDeploymentPostprocessing = 0;
		};
		90F3CDD52E273A2D00C4DDFE /* Sources */ = {
			isa = PBXSourcesBuildPhase;
			buildActionMask = 2147483647;
			files = (
			);
			runOnlyForDeploymentPostprocessing = 0;
		};
/* End PBXSourcesBuildPhase section */

/* Begin PBXTargetDependency section */
		90F3CDD12E273A2D00C4DDFE /* PBXTargetDependency */ = {
			isa = PBXTargetDependency;
			target = 90F3CDBF2E273A2C00C4DDFE /* steady path */;
			targetProxy = 90F3CDD02E273A2D00C4DDFE /* PBXContainerItemProxy */;
		};
		90F3CDDB2E273A2D00C4DDFE /* PBXTargetDependency */ = {
			isa = PBXTargetDependency;
			target = 90F3CDBF2E273A2C00C4DDFE /* steady path */;
			targetProxy = 90F3CDDA2E273A2D00C4DDFE /* PBXContainerItemProxy */;
		};
/* End PBXTargetDependency section */

/* Begin XCBuildConfiguration section */
		90F3CDE12E273A2D00C4DDFE /* Debug */ = {
			isa = XCBuildConfiguration;
			buildSettings = {
				ALWAYS_SEARCH_USER_PATHS = NO;
				ASSETCATALOG_COMPILER_GENERATE_SWIFT_ASSET_SYMBOL_EXTENSIONS = YES;
				CLANG_ANALYZER_NONNULL = YES;
				CLANG_ANALYZER_NUMBER_OBJECT_CONVERSION = YES_AGGRESSIVE;
				CLANG_CXX_LANGUAGE_STANDARD = "gnu++20";
				CLANG_ENABLE_MODULES = YES;
				CLANG_ENABLE_OBJC_ARC = YES;
				CLANG_ENABLE_OBJC_WEAK = YES;
				CLANG_WARN_BLOCK_CAPTURE_AUTORELEASING = YES;
				CLANG_WARN_BOOL_CONVERSION = YES;
				CLANG_WARN_COMMA = YES;
				CLANG_WARN_CONSTANT_CONVERSION = YES;
				CLANG_WARN_DEPRECATED_OBJC_IMPLEMENTATIONS = YES;
				CLANG_WARN_DIRECT_OBJC_ISA_USAGE = YES_ERROR;
				CLANG_WARN_DOCUMENTATION_COMMENTS = YES;
				CLANG_WARN_EMPTY_BODY = YES;
				CLANG_WARN_ENUM_CONVERSION = YES;
				CLANG_WARN_INFINITE_RECURSION = YES;
				CLANG_WARN_INT_CONVERSION = YES;
				CLANG_WARN_NON_LITERAL_NULL_CONVERSION = YES;
				CLANG_WARN_OBJC_IMPLICIT_RETAIN_SELF = YES;
				CLANG_WARN_OBJC_LITERAL_CONVERSION = YES;
				CLANG_WARN_OBJC_ROOT_CLASS = YES_ERROR;
				CLANG_WARN_QUOTED_INCLUDE_IN_FRAMEWORK_HEADER = YES;
				CLANG_WARN_RANGE_LOOP_ANALYSIS = YES;
				CLANG_WARN_STRICT_PROTOTYPES = YES;
				CLANG_WARN_SUSPICIOUS_MOVE = YES;
				CLANG_WARN_UNGUARDED_AVAILABILITY = YES_AGGRESSIVE;
				CLANG_WARN_UNREACHABLE_CODE = YES;
				CLANG_WARN__DUPLICATE_METHOD_MATCH = YES;
				COPY_PHASE_STRIP = NO;
				DEBUG_INFORMATION_FORMAT = dwarf;
				ENABLE_STRICT_OBJC_MSGSEND = YES;
				ENABLE_TESTABILITY = YES;
				ENABLE_USER_SCRIPT_SANDBOXING = YES;
				GCC_C_LANGUAGE_STANDARD = gnu17;
				GCC_DYNAMIC_NO_PIC = NO;
				GCC_NO_COMMON_BLOCKS = YES;
				GCC_OPTIMIZATION_LEVEL = 0;
				GCC_PREPROCESSOR_DEFINITIONS = (
					"DEBUG=1",
					"$(inherited)",
				);
				GCC_WARN_64_TO_32_BIT_CONVERSION = YES;
				GCC_WARN_ABOUT_RETURN_TYPE = YES_ERROR;
				GCC_WARN_UNDECLARED_SELECTOR = YES;
				GCC_WARN_UNINITIALIZED_AUTOS = YES_AGGRESSIVE;
				GCC_WARN_UNUSED_FUNCTION = YES;
				GCC_WARN_UNUSED_VARIABLE = YES;
				IPHONEOS_DEPLOYMENT_TARGET = 18.5;
				LOCALIZATION_PREFERS_STRING_CATALOGS = YES;
				MTL_ENABLE_DEBUG_INFO = INCLUDE_SOURCE;
				MTL_FAST_MATH = YES;
				ONLY_ACTIVE_ARCH = YES;
				SDKROOT = iphoneos;
				SWIFT_ACTIVE_COMPILATION_CONDITIONS = "DEBUG $(inherited)";
				SWIFT_OPTIMIZATION_LEVEL = "-Onone";
			};
			name = Debug;
		};
		90F3CDE22E273A2D00C4DDFE /* Release */ = {
			isa = XCBuildConfiguration;
			buildSettings = {
				ALWAYS_SEARCH_USER_PATHS = NO;
				ASSETCATALOG_COMPILER_GENERATE_SWIFT_ASSET_SYMBOL_EXTENSIONS = YES;
				CLANG_ANALYZER_NONNULL = YES;
				CLANG_ANALYZER_NUMBER_OBJECT_CONVERSION = YES_AGGRESSIVE;
				CLANG_CXX_LANGUAGE_STANDARD = "gnu++20";
				CLANG_ENABLE_MODULES = YES;
				CLANG_ENABLE_OBJC_ARC = YES;
				CLANG_ENABLE_OBJC_WEAK = YES;
				CLANG_WARN_BLOCK_CAPTURE_AUTORELEASING = YES;
				CLANG_WARN_BOOL_CONVERSION = YES;
				CLANG_WARN_COMMA = YES;
				CLANG_WARN_CONSTANT_CONVERSION = YES;
				CLANG_WARN_DEPRECATED_OBJC_IMPLEMENTATIONS = YES;
				CLANG_WARN_DIRECT_OBJC_ISA_USAGE = YES_ERROR;
				CLANG_WARN_DOCUMENTATION_COMMENTS = YES;
				CLANG_WARN_EMPTY_BODY = YES;
				CLANG_WARN_ENUM_CONVERSION = YES;
				CLANG_WARN_INFINITE_RECURSION = YES;
				CLANG_WARN_INT_CONVERSION = YES;
				CLANG_WARN_NON_LITERAL_NULL_CONVERSION = YES;
				CLANG_WARN_OBJC_IMPLICIT_RETAIN_SELF = YES;
				CLANG_WARN_OBJC_LITERAL_CONVERSION = YES;
				CLANG_WARN_OBJC_ROOT_CLASS = YES_ERROR;
				CLANG_WARN_QUOTED_INCLUDE_IN_FRAMEWORK_HEADER = YES;
				CLANG_WARN_RANGE_LOOP_ANALYSIS = YES;
				CLANG_WARN_STRICT_PROTOTYPES = YES;
				CLANG_WARN_SUSPICIOUS_MOVE = YES;
				CLANG_WARN_UNGUARDED_AVAILABILITY = YES_AGGRESSIVE;
				CLANG_WARN_UNREACHABLE_CODE = YES;
				CLANG_WARN__DUPLICATE_METHOD_MATCH = YES;
				COPY_PHASE_STRIP = NO;
				DEBUG_INFORMATION_FORMAT = "dwarf-with-dsym";
				ENABLE_NS_ASSERTIONS = NO;
				ENABLE_STRICT_OBJC_MSGSEND = YES;
				ENABLE_USER_SCRIPT_SANDBOXING = YES;
				GCC_C_LANGUAGE_STANDARD = gnu17;
				GCC_NO_COMMON_BLOCKS = YES;
				GCC_WARN_64_TO_32_BIT_CONVERSION = YES;
				GCC_WARN_ABOUT_RETURN_TYPE = YES_ERROR;
				GCC_WARN_UNDECLARED_SELECTOR = YES;
				GCC_WARN_UNINITIALIZED_AUTOS = YES_AGGRESSIVE;
				GCC_WARN_UNUSED_FUNCTION = YES;
				GCC_WARN_UNUSED_VARIABLE = YES;
				IPHONEOS_DEPLOYMENT_TARGET = 18.5;
				LOCALIZATION_PREFERS_STRING_CATALOGS = YES;
				MTL_ENABLE_DEBUG_INFO = NO;
				MTL_FAST_MATH = YES;
				SDKROOT = iphoneos;
				SWIFT_COMPILATION_MODE = wholemodule;
				VALIDATE_PRODUCT = YES;
			};
			name = Release;
		};
		90F3CDE42E273A2D00C4DDFE /* Debug */ = {
			isa = XCBuildConfiguration;
			buildSettings = {
				ASSETCATALOG_COMPILER_APPICON_NAME = AppIcon;
				ASSETCATALOG_COMPILER_GLOBAL_ACCENT_COLOR_NAME = AccentColor;
				CODE_SIGN_STYLE = Automatic;
				CURRENT_PROJECT_VERSION = 1;
				ENABLE_PREVIEWS = YES;
				GENERATE_INFOPLIST_FILE = YES;
				INFOPLIST_KEY_UIApplicationSceneManifest_Generation = YES;
				INFOPLIST_KEY_UIApplicationSupportsIndirectInputEvents = YES;
				INFOPLIST_KEY_UILaunchScreen_Generation = YES;
				INFOPLIST_KEY_UISupportedInterfaceOrientations_iPad = "UIInterfaceOrientationPortrait UIInterfaceOrientationPortraitUpsideDown UIInterfaceOrientationLandscapeLeft UIInterfaceOrientationLandscapeRight";
				INFOPLIST_KEY_UISupportedInterfaceOrientations_iPhone = "UIInterfaceOrientationPortrait UIInterfaceOrientationLandscapeLeft UIInterfaceOrientationLandscapeRight";
				LD_RUNPATH_SEARCH_PATHS = (
					"$(inherited)",
					"@executable_path/Frameworks",
				);
				MARKETING_VERSION = 1.0;
				PRODUCT_BUNDLE_IDENTIFIER = "steady-path.steady-path";
				PRODUCT_NAME = "$(TARGET_NAME)";
				SWIFT_EMIT_LOC_STRINGS = YES;
				SWIFT_VERSION = 5.0;
				TARGETED_DEVICE_FAMILY = "1,2";
			};
			name = Debug;
		};
		90F3CDE52E273A2D00C4DDFE /* Release */ = {
			isa = XCBuildConfiguration;
			buildSettings = {
				ASSETCATALOG_COMPILER_APPICON_NAME = AppIcon;
				ASSETCATALOG_COMPILER_GLOBAL_ACCENT_COLOR_NAME = AccentColor;
				CODE_SIGN_STYLE = Automatic;
				CURRENT_PROJECT_VERSION = 1;
				ENABLE_PREVIEWS = YES;
				GENERATE_INFOPLIST_FILE = YES;
				INFOPLIST_KEY_UIApplicationSceneManifest_Generation = YES;
				INFOPLIST_KEY_UIApplicationSupportsIndirectInputEvents = YES;
				INFOPLIST_KEY_UILaunchScreen_Generation = YES;
				INFOPLIST_KEY_UISupportedInterfaceOrientations_iPad = "UIInterfaceOrientationPortrait UIInterfaceOrientationPortraitUpsideDown UIInterfaceOrientationLandscapeLeft UIInterfaceOrientationLandscapeRight";
				INFOPLIST_KEY_UISupportedInterfaceOrientations_iPhone = "UIInterfaceOrientationPortrait UIInterfaceOrientationLandscapeLeft UIInterfaceOrientationLandscapeRight";
				LD_RUNPATH_SEARCH_PATHS = (
					"$(inherited)",
					"@executable_path/Frameworks",
				);
				MARKETING_VERSION = 1.0;
				PRODUCT_BUNDLE_IDENTIFIER = "steady-path.steady-path";
				PRODUCT_NAME = "$(TARGET_NAME)";
				SWIFT_EMIT_LOC_STRINGS = YES;
				SWIFT_VERSION = 5.0;
				TARGETED_DEVICE_FAMILY = "1,2";
			};
			name = Release;
		};
		90F3CDE72E273A2D00C4DDFE /* Debug */ = {
			isa = XCBuildConfiguration;
			buildSettings = {
				BUNDLE_LOADER = "$(TEST_HOST)";
				CODE_SIGN_STYLE = Automatic;
				CURRENT_PROJECT_VERSION = 1;
				GENERATE_INFOPLIST_FILE = YES;
				IPHONEOS_DEPLOYMENT_TARGET = 18.5;
				MARKETING_VERSION = 1.0;
				PRODUCT_BUNDLE_IDENTIFIER = "steady-path.steady-pathTests";
				PRODUCT_NAME = "$(TARGET_NAME)";
				SWIFT_EMIT_LOC_STRINGS = NO;
				SWIFT_VERSION = 5.0;
				TARGETED_DEVICE_FAMILY = "1,2";
				TEST_HOST = "$(BUILT_PRODUCTS_DIR)/steady path.app/$(BUNDLE_EXECUTABLE_FOLDER_PATH)/steady path";
			};
			name = Debug;
		};
		90F3CDE82E273A2D00C4DDFE /* Release */ = {
			isa = XCBuildConfiguration;
			buildSettings = {
				BUNDLE_LOADER = "$(TEST_HOST)";
				CODE_SIGN_STYLE = Automatic;
				CURRENT_PROJECT_VERSION = 1;
				GENERATE_INFOPLIST_FILE = YES;
				IPHONEOS_DEPLOYMENT_TARGET = 18.5;
				MARKETING_VERSION = 1.0;
				PRODUCT_BUNDLE_IDENTIFIER = "steady-path.steady-pathTests";
				PRODUCT_NAME = "$(TARGET_NAME)";
				SWIFT_EMIT_LOC_STRINGS = NO;
				SWIFT_VERSION = 5.0;
				TARGETED_DEVICE_FAMILY = "1,2";
				TEST_HOST = "$(BUILT_PRODUCTS_DIR)/steady path.app/$(BUNDLE_EXECUTABLE_FOLDER_PATH)/steady path";
			};
			name = Release;
		};
		90F3CDEA2E273A2D00C4DDFE /* Debug */ = {
			isa = XCBuildConfiguration;
			buildSettings = {
				CODE_SIGN_STYLE = Automatic;
				CURRENT_PROJECT_VERSION = 1;
				GENERATE_INFOPLIST_FILE = YES;
				MARKETING_VERSION = 1.0;
				PRODUCT_BUNDLE_IDENTIFIER = "steady-path.steady-pathUITests";
				PRODUCT_NAME = "$(TARGET_NAME)";
				SWIFT_EMIT_LOC_STRINGS = NO;
				SWIFT_VERSION = 5.0;
				TARGETED_DEVICE_FAMILY = "1,2";
				TEST_TARGET_NAME = "steady path";
			};
			name = Debug;
		};
		90F3CDEB2E273A2D00C4DDFE /* Release */ = {
			isa = XCBuildConfiguration;
			buildSettings = {
				CODE_SIGN_STYLE = Automatic;
				CURRENT_PROJECT_VERSION = 1;
				GENERATE_INFOPLIST_FILE = YES;
				MARKETING_VERSION = 1.0;
				PRODUCT_BUNDLE_IDENTIFIER = "steady-path.steady-pathUITests";
				PRODUCT_NAME = "$(TARGET_NAME)";
				SWIFT_EMIT_LOC_STRINGS = NO;
				SWIFT_VERSION = 5.0;
				TARGETED_DEVICE_FAMILY = "1,2";
				TEST_TARGET_NAME = "steady path";
			};
			name = Release;
		};
/* End XCBuildConfiguration section */

/* Begin XCConfigurationList section */
		90F3CDBB2E273A2C00C4DDFE /* Build configuration list for PBXProject "steady path" */ = {
			isa = XCConfigurationList;
			buildConfigurations = (
				90F3CDE12E273A2D00C4DDFE /* Debug */,
				90F3CDE22E273A2D00C4DDFE /* Release */,
			);
			defaultConfigurationIsVisible = 0;
			defaultConfigurationName = Release;
		};
		90F3CDE32E273A2D00C4DDFE /* Build configuration list for PBXNativeTarget "steady path" */ = {
			isa = XCConfigurationList;
			buildConfigurations = (
				90F3CDE42E273A2D00C4DDFE /* Debug */,
				90F3CDE52E273A2D00C4DDFE /* Release */,
			);
			defaultConfigurationIsVisible = 0;
			defaultConfigurationName = Release;
		};
		90F3CDE62E273A2D00C4DDFE /* Build configuration list for PBXNativeTarget "steady pathTests" */ = {
			isa = XCConfigurationList;
			buildConfigurations = (
				90F3CDE72E273A2D00C4DDFE /* Debug */,
				90F3CDE82E273A2D00C4DDFE /* Release */,
			);
			defaultConfigurationIsVisible = 0;
			defaultConfigurationName = Release;
		};
		90F3CDE92E273A2D00C4DDFE /* Build configuration list for PBXNativeTarget "steady pathUITests" */ = {
			isa = XCConfigurationList;
			buildConfigurations = (
				90F3CDEA2E273A2D00C4DDFE /* Debug */,
				90F3CDEB2E273A2D00C4DDFE /* Release */,
			);
			defaultConfigurationIsVisible = 0;
			defaultConfigurationName = Release;
		};
/* End XCConfigurationList section */
	};
	rootObject = 90F3CDB82E273A2C00C4DDFE /* Project object */;
}
